
Microsoft Visual Studio Solution File, Format Version 12.00
# Visual Studio Version 17
VisualStudioVersion = 17.5.33502.453
MinimumVisualStudioVersion = 10.0.40219.1
Project("{FAE04EC0-301F-11D3-BF4B-00C04F79EFBC}") = "Card Identifier", "Card Identifier\Card Identifier.csproj", "{4BBC472E-A290-4EDE-AE0E-E60DB3B3D12A}"
EndProject
Global
	GlobalSection(SolutionConfigurationPlatforms) = preSolution
		Debug|Any CPU = Debug|Any CPU
		Release|Any CPU = Release|Any CPU
	EndGlobalSection
	GlobalSection(ProjectConfigurationPlatforms) = postSolution
		{4BBC472E-A290-4EDE-AE0E-E60DB3B3D12A}.Debug|Any CPU.ActiveCfg = Debug|Any CPU
		{4BBC472E-A290-4EDE-AE0E-E60DB3B3D12A}.Debug|Any CPU.Build.0 = Debug|Any CPU
		{4BBC472E-A290-4EDE-AE0E-E60DB3B3D12A}.Release|Any CPU.ActiveCfg = Release|Any CPU
		{4BBC472E-A290-4EDE-AE0E-E60DB3B3D12A}.Release|Any CPU.Build.0 = Release|Any CPU
	EndGlobalSection
	GlobalSection(SolutionProperties) = preSolution
		HideSolutionNode = FALSE
	EndGlobalSection
	GlobalSection(ExtensibilityGlobals) = postSolution
		SolutionGuid = {A19F948B-465F-40EE-954A-2420F1733982}
	EndGlobalSection
EndGlobal
