
Microsoft Visual Studio Solution File, Format Version 12.00
# Visual Studio Version 17
VisualStudioVersion = 17.5.33502.453
MinimumVisualStudioVersion = 10.0.40219.1
Project("{FAE04EC0-301F-11D3-BF4B-00C04F79EFBC}") = "Orion Constellation", "Orion Constellation\Orion Constellation.csproj", "{C9FB796A-122D-486E-A910-3AE6E6D8BB3A}"
EndProject
Global
	GlobalSection(SolutionConfigurationPlatforms) = preSolution
		Debug|Any CPU = Debug|Any CPU
		Release|Any CPU = Release|Any CPU
	EndGlobalSection
	GlobalSection(ProjectConfigurationPlatforms) = postSolution
		{C9FB796A-122D-486E-A910-3AE6E6D8BB3A}.Debug|Any CPU.ActiveCfg = Debug|Any CPU
		{C9FB796A-122D-486E-A910-3AE6E6D8BB3A}.Debug|Any CPU.Build.0 = Debug|Any CPU
		{C9FB796A-122D-486E-A910-3AE6E6D8BB3A}.Release|Any CPU.ActiveCfg = Release|Any CPU
		{C9FB796A-122D-486E-A910-3AE6E6D8BB3A}.Release|Any CPU.Build.0 = Release|Any CPU
	EndGlobalSection
	GlobalSection(SolutionProperties) = preSolution
		HideSolutionNode = FALSE
	EndGlobalSection
	GlobalSection(ExtensibilityGlobals) = postSolution
		SolutionGuid = {811908A5-9F0F-413E-BF0A-91496F85C465}
	EndGlobalSection
EndGlobal
