
Microsoft Visual Studio Solution File, Format Version 12.00
# Visual Studio Version 17
VisualStudioVersion = 17.5.33502.453
MinimumVisualStudioVersion = 10.0.40219.1
Project("{FAE04EC0-301F-11D3-BF4B-00C04F79EFBC}") = "Head or Tails", "Head or Tails\Head or Tails.csproj", "{639EEE6C-203D-4D16-99C7-75BB824BAFBF}"
EndProject
Global
	GlobalSection(SolutionConfigurationPlatforms) = preSolution
		Debug|Any CPU = Debug|Any CPU
		Release|Any CPU = Release|Any CPU
	EndGlobalSection
	GlobalSection(ProjectConfigurationPlatforms) = postSolution
		{639EEE6C-203D-4D16-99C7-75BB824BAFBF}.Debug|Any CPU.ActiveCfg = Debug|Any CPU
		{639EEE6C-203D-4D16-99C7-75BB824BAFBF}.Debug|Any CPU.Build.0 = Debug|Any CPU
		{639EEE6C-203D-4D16-99C7-75BB824BAFBF}.Release|Any CPU.ActiveCfg = Release|Any CPU
		{639EEE6C-203D-4D16-99C7-75BB824BAFBF}.Release|Any CPU.Build.0 = Release|Any CPU
	EndGlobalSection
	GlobalSection(SolutionProperties) = preSolution
		HideSolutionNode = FALSE
	EndGlobalSection
	GlobalSection(ExtensibilityGlobals) = postSolution
		SolutionGuid = {FF57BA01-FD58-43EB-BB8B-B95DA2AC627D}
	EndGlobalSection
EndGlobal
